
Microsoft Visual Studio Solution File, Format Version 12.00
# Visual Studio Version 17
VisualStudioVersion = 17.2.32516.85
MinimumVisualStudioVersion = 10.0.40219.1
Project("{FAE04EC0-301F-11D3-BF4B-00C04F79EFBC}") = "Web_Based_Staffing", "Web_Based_Staffing.csproj", "{66D1785F-A1EF-4840-A9EE-9B0D9C406C89}"
EndProject
Global
	GlobalSection(SolutionConfigurationPlatforms) = preSolution
		Debug|Any CPU = Debug|Any CPU
		Release|Any CPU = Release|Any CPU
	EndGlobalSection
	GlobalSection(ProjectConfigurationPlatforms) = postSolution
		{66D1785F-A1EF-4840-A9EE-9B0D9C406C89}.Debug|Any CPU.ActiveCfg = Debug|Any CPU
		{66D1785F-A1EF-4840-A9EE-9B0D9C406C89}.Debug|Any CPU.Build.0 = Debug|Any CPU
		{66D1785F-A1EF-4840-A9EE-9B0D9C406C89}.Release|Any CPU.ActiveCfg = Release|Any CPU
		{66D1785F-A1EF-4840-A9EE-9B0D9C406C89}.Release|Any CPU.Build.0 = Release|Any CPU
	EndGlobalSection
	GlobalSection(SolutionProperties) = preSolution
		HideSolutionNode = FALSE
	EndGlobalSection
	GlobalSection(ExtensibilityGlobals) = postSolution
		SolutionGuid = {540CA082-0DDD-4B50-AA0A-5502F923DD95}
	EndGlobalSection
EndGlobal
